
Microsoft Visual Studio Solution File, Format Version 12.00
# Visual Studio 14
VisualStudioVersion = 14.0.24720.0
MinimumVisualStudioVersion = 10.0.40219.1
Project("{FAE04EC0-301F-11D3-BF4B-00C04F79EFBC}") = "ACM.BL", "ACM.BL\ACM.BL.csproj", "{EB8EE7A8-90C4-41F2-893B-E122623EBC6A}"
EndProject
Project("{FAE04EC0-301F-11D3-BF4B-00C04F79EFBC}") = "Acme.Common", "Acme.Common\Acme.Common.csproj", "{7E0FD8EC-D502-43F3-818C-243210C389F7}"
EndProject
Global
	GlobalSection(SolutionConfigurationPlatforms) = preSolution
		Debug|Any CPU = Debug|Any CPU
		Release|Any CPU = Release|Any CPU
	EndGlobalSection
	GlobalSection(ProjectConfigurationPlatforms) = postSolution
		{EB8EE7A8-90C4-41F2-893B-E122623EBC6A}.Debug|Any CPU.ActiveCfg = Debug|Any CPU
		{EB8EE7A8-90C4-41F2-893B-E122623EBC6A}.Debug|Any CPU.Build.0 = Debug|Any CPU
		{EB8EE7A8-90C4-41F2-893B-E122623EBC6A}.Release|Any CPU.ActiveCfg = Release|Any CPU
		{EB8EE7A8-90C4-41F2-893B-E122623EBC6A}.Release|Any CPU.Build.0 = Release|Any CPU
		{7E0FD8EC-D502-43F3-818C-243210C389F7}.Debug|Any CPU.ActiveCfg = Debug|Any CPU
		{7E0FD8EC-D502-43F3-818C-243210C389F7}.Debug|Any CPU.Build.0 = Debug|Any CPU
		{7E0FD8EC-D502-43F3-818C-243210C389F7}.Release|Any CPU.ActiveCfg = Release|Any CPU
		{7E0FD8EC-D502-43F3-818C-243210C389F7}.Release|Any CPU.Build.0 = Release|Any CPU
	EndGlobalSection
	GlobalSection(SolutionProperties) = preSolution
		HideSolutionNode = FALSE
	EndGlobalSection
EndGlobal
